// !$*UTF8*$!
{
 archiveVersion = 1;
 classes = {};
 objectVersion = 77;
 objects = {

 A00000000000000000000001 /* AppDelegate.swift in Sources */ = {isa = PBXBuildFile; fileRef = A00000000000000000000011 /* AppDelegate.swift */; };
 A00000000000000000000002 /* BackendSupport.swift in Sources */ = {isa = PBXBuildFile; fileRef = A00000000000000000000012 /* BackendSupport.swift */; };
 A00000000000000000000003 /* GaiaHostController.swift in Sources */ = {isa = PBXBuildFile; fileRef = A00000000000000000000013 /* GaiaHostController.swift */; };
 A00000000000000000000004 /* GaiaHostTests.swift in Sources */ = {isa = PBXBuildFile; fileRef = A00000000000000000000014 /* GaiaHostTests.swift */; };
 A00000000000000000000006 /* main.swift in Sources */ = {isa = PBXBuildFile; fileRef = A00000000000000000000015 /* main.swift */; };
 A00000000000000000000005 /* GaiaHost.app in Frameworks */ = {isa = PBXBuildFile; fileRef = A00000000000000000000020 /* GaiaHost.app */; };

 A00000000000000000000011 /* AppDelegate.swift */ = {isa = PBXFileReference; lastKnownFileType = sourcecode.swift; path = AppDelegate.swift; sourceTree = "<group>"; };
 A00000000000000000000012 /* BackendSupport.swift */ = {isa = PBXFileReference; lastKnownFileType = sourcecode.swift; path = BackendSupport.swift; sourceTree = "<group>"; };
 A00000000000000000000013 /* GaiaHostController.swift */ = {isa = PBXFileReference; lastKnownFileType = sourcecode.swift; path = GaiaHostController.swift; sourceTree = "<group>"; };
 A00000000000000000000014 /* GaiaHostTests.swift */ = {isa = PBXFileReference; lastKnownFileType = sourcecode.swift; path = GaiaHostTests.swift; sourceTree = "<group>"; };
 A00000000000000000000015 /* main.swift */ = {isa = PBXFileReference; lastKnownFileType = sourcecode.swift; path = main.swift; sourceTree = "<group>"; };
 A00000000000000000000020 /* GaiaHost.app */ = {isa = PBXFileReference; explicitFileType = wrapper.application; includeInIndex = 0; path = Gaia.app; sourceTree = BUILT_PRODUCTS_DIR; };
 A00000000000000000000021 /* GaiaHostTests.xctest */ = {isa = PBXFileReference; explicitFileType = wrapper.cfbundle; includeInIndex = 0; path = GaiaHostTests.xctest; sourceTree = BUILT_PRODUCTS_DIR; };

 A00000000000000000000030 /* GaiaHost */ = {isa = PBXGroup; children = (A00000000000000000000015 /* main.swift */, A00000000000000000000011 /* AppDelegate.swift */, A00000000000000000000012 /* BackendSupport.swift */, A00000000000000000000013 /* GaiaHostController.swift */); path = GaiaHost; sourceTree = "<group>"; };
 A00000000000000000000031 /* GaiaHostTests */ = {isa = PBXGroup; children = (A00000000000000000000014 /* GaiaHostTests.swift */); path = GaiaHostTests; sourceTree = "<group>"; };
 A00000000000000000000032 /* Products */ = {isa = PBXGroup; children = (A00000000000000000000020 /* GaiaHost.app */, A00000000000000000000021 /* GaiaHostTests.xctest */); name = Products; sourceTree = "<group>"; };
 A00000000000000000000033 = {isa = PBXGroup; children = (A00000000000000000000030 /* GaiaHost */, A00000000000000000000031 /* GaiaHostTests */, A00000000000000000000032 /* Products */); sourceTree = "<group>"; };

 A00000000000000000000040 /* Frameworks */ = {isa = PBXFrameworksBuildPhase; buildActionMask = 2147483647; files = (); runOnlyForDeploymentPostprocessing = 0; };
 A00000000000000000000041 /* Frameworks */ = {isa = PBXFrameworksBuildPhase; buildActionMask = 2147483647; files = (A00000000000000000000005 /* GaiaHost.app in Frameworks */); runOnlyForDeploymentPostprocessing = 0; };
 A00000000000000000000042 /* Sources */ = {isa = PBXSourcesBuildPhase; buildActionMask = 2147483647; files = (A00000000000000000000006 /* main.swift in Sources */, A00000000000000000000001 /* AppDelegate.swift in Sources */, A00000000000000000000002 /* BackendSupport.swift in Sources */, A00000000000000000000003 /* GaiaHostController.swift in Sources */); runOnlyForDeploymentPostprocessing = 0; };
 A00000000000000000000043 /* Sources */ = {isa = PBXSourcesBuildPhase; buildActionMask = 2147483647; files = (A00000000000000000000004 /* GaiaHostTests.swift in Sources */); runOnlyForDeploymentPostprocessing = 0; };

 A00000000000000000000050 /* GaiaHost */ = {isa = PBXNativeTarget; buildConfigurationList = A00000000000000000000060 /* Build configuration list for PBXNativeTarget "GaiaHost" */; buildPhases = (A00000000000000000000042 /* Sources */, A00000000000000000000040 /* Frameworks */); buildRules = (); dependencies = (); name = GaiaHost; productName = GaiaHost; productReference = A00000000000000000000020 /* GaiaHost.app */; productType = "com.apple.product-type.application"; };
 A00000000000000000000051 /* GaiaHostTests */ = {isa = PBXNativeTarget; buildConfigurationList = A00000000000000000000061 /* Build configuration list for PBXNativeTarget "GaiaHostTests" */; buildPhases = (A00000000000000000000043 /* Sources */, A00000000000000000000041 /* Frameworks */); buildRules = (); dependencies = (A00000000000000000000070 /* PBXTargetDependency */); name = GaiaHostTests; productName = GaiaHostTests; productReference = A00000000000000000000021 /* GaiaHostTests.xctest */; productType = "com.apple.product-type.bundle.unit-test"; };

 A00000000000000000000070 /* PBXTargetDependency */ = {isa = PBXTargetDependency; target = A00000000000000000000050 /* GaiaHost */; targetProxy = A00000000000000000000071 /* PBXContainerItemProxy */; };
 A00000000000000000000071 /* PBXContainerItemProxy */ = {isa = PBXContainerItemProxy; containerPortal = A00000000000000000000080 /* Project object */; proxyType = 1; remoteGlobalIDString = A00000000000000000000050; remoteInfo = GaiaHost; };

 A00000000000000000000081 /* Debug */ = {isa = XCBuildConfiguration; buildSettings = { CLANG_ENABLE_MODULES = YES; CODE_SIGNING_ALLOWED = NO; DEFINES_MODULE = YES; ENABLE_TESTABILITY = YES; GENERATE_INFOPLIST_FILE = YES; MACOSX_DEPLOYMENT_TARGET = 15.0; PRODUCT_BUNDLE_IDENTIFIER = io.github.loengrin1990.gaia; PRODUCT_NAME = Gaia; SWIFT_VERSION = 5.0; }; name = Debug; };
 A00000000000000000000082 /* Release */ = {isa = XCBuildConfiguration; buildSettings = { CLANG_ENABLE_MODULES = YES; CODE_SIGNING_ALLOWED = NO; DEFINES_MODULE = YES; GENERATE_INFOPLIST_FILE = YES; MACOSX_DEPLOYMENT_TARGET = 15.0; PRODUCT_BUNDLE_IDENTIFIER = io.github.loengrin1990.gaia; PRODUCT_NAME = Gaia; SWIFT_VERSION = 5.0; }; name = Release; };
 A00000000000000000000083 /* Debug */ = {isa = XCBuildConfiguration; buildSettings = { BUNDLE_LOADER = "$(TEST_HOST)"; CODE_SIGNING_ALLOWED = NO; GENERATE_INFOPLIST_FILE = YES; MACOSX_DEPLOYMENT_TARGET = 15.0; PRODUCT_BUNDLE_IDENTIFIER = io.github.loengrin1990.gaia.tests; PRODUCT_NAME = GaiaHostTests; SWIFT_VERSION = 5.0; TEST_HOST = "$(BUILT_PRODUCTS_DIR)/Gaia.app/Contents/MacOS/Gaia"; }; name = Debug; };
 A00000000000000000000084 /* Release */ = {isa = XCBuildConfiguration; buildSettings = { BUNDLE_LOADER = "$(TEST_HOST)"; CODE_SIGNING_ALLOWED = NO; GENERATE_INFOPLIST_FILE = YES; MACOSX_DEPLOYMENT_TARGET = 15.0; PRODUCT_BUNDLE_IDENTIFIER = io.github.loengrin1990.gaia.tests; PRODUCT_NAME = GaiaHostTests; SWIFT_VERSION = 5.0; TEST_HOST = "$(BUILT_PRODUCTS_DIR)/Gaia.app/Contents/MacOS/Gaia"; }; name = Release; };
 A00000000000000000000085 /* Debug */ = {isa = XCBuildConfiguration; buildSettings = { MACOSX_DEPLOYMENT_TARGET = 15.0; }; name = Debug; };
 A00000000000000000000086 /* Release */ = {isa = XCBuildConfiguration; buildSettings = { MACOSX_DEPLOYMENT_TARGET = 15.0; }; name = Release; };

 A00000000000000000000060 /* Build configuration list for PBXNativeTarget "GaiaHost" */ = {isa = XCConfigurationList; buildConfigurations = (A00000000000000000000081 /* Debug */, A00000000000000000000082 /* Release */); defaultConfigurationIsVisible = 0; defaultConfigurationName = Release; };
 A00000000000000000000061 /* Build configuration list for PBXNativeTarget "GaiaHostTests" */ = {isa = XCConfigurationList; buildConfigurations = (A00000000000000000000083 /* Debug */, A00000000000000000000084 /* Release */); defaultConfigurationIsVisible = 0; defaultConfigurationName = Release; };
 A00000000000000000000062 /* Build configuration list for PBXProject "GaiaHost" */ = {isa = XCConfigurationList; buildConfigurations = (A00000000000000000000085 /* Debug */, A00000000000000000000086 /* Release */); defaultConfigurationIsVisible = 0; defaultConfigurationName = Release; };

 A00000000000000000000080 /* Project object */ = {isa = PBXProject; attributes = { BuildIndependentTargetsInParallel = YES; LastSwiftUpdateCheck = 2600; LastUpgradeCheck = 2600; TargetAttributes = { A00000000000000000000050 = { CreatedOnToolsVersion = 26.0; }; A00000000000000000000051 = { CreatedOnToolsVersion = 26.0; TestTargetID = A00000000000000000000050; }; }; }; buildConfigurationList = A00000000000000000000062 /* Build configuration list for PBXProject "GaiaHost" */; compatibilityVersion = "Xcode 14.0"; developmentRegion = en; hasScannedForEncodings = 0; knownRegions = (en, Base); mainGroup = A00000000000000000000033; productRefGroup = A00000000000000000000032 /* Products */; projectDirPath = ""; projectRoot = ""; targets = (A00000000000000000000050 /* GaiaHost */, A00000000000000000000051 /* GaiaHostTests */); };
 };
 rootObject = A00000000000000000000080 /* Project object */;
}
